
Microsoft Visual Studio Solution File, Format Version 12.00
# Visual Studio 15
VisualStudioVersion = 15.0.27130.2027
MinimumVisualStudioVersion = 10.0.40219.1
Project("{FAE04EC0-301F-11D3-BF4B-00C04F79EFBC}") = "Exchange Online Calendar Changer", "Exchange Online Calendar Changer\Exchange Online Calendar Changer.csproj", "{398CFBA1-099D-4FD0-B031-2277AFC60CAC}"
EndProject
Global
	GlobalSection(SolutionConfigurationPlatforms) = preSolution
		Debug|Any CPU = Debug|Any CPU
		Release|Any CPU = Release|Any CPU
	EndGlobalSection
	GlobalSection(ProjectConfigurationPlatforms) = postSolution
		{398CFBA1-099D-4FD0-B031-2277AFC60CAC}.Debug|Any CPU.ActiveCfg = Debug|Any CPU
		{398CFBA1-099D-4FD0-B031-2277AFC60CAC}.Debug|Any CPU.Build.0 = Debug|Any CPU
		{398CFBA1-099D-4FD0-B031-2277AFC60CAC}.Release|Any CPU.ActiveCfg = Release|Any CPU
		{398CFBA1-099D-4FD0-B031-2277AFC60CAC}.Release|Any CPU.Build.0 = Release|Any CPU
	EndGlobalSection
	GlobalSection(SolutionProperties) = preSolution
		HideSolutionNode = FALSE
	EndGlobalSection
	GlobalSection(ExtensibilityGlobals) = postSolution
		SolutionGuid = {6E2B2273-D808-4C60-8D8E-75F2D259C834}
	EndGlobalSection
EndGlobal
